
Microsoft Visual Studio Solution File, Format Version 12.00
# Visual Studio Version 17
VisualStudioVersion = 17.7.34009.444
MinimumVisualStudioVersion = 10.0.40219.1
Project("{FAE04EC0-301F-11D3-BF4B-00C04F79EFBC}") = "UI", "UI\UI.csproj", "{9111EAFC-9EB0-4632-87C1-9DDA623237A1}"
EndProject
Project("{FAE04EC0-301F-11D3-BF4B-00C04F79EFBC}") = "DAL", "DAL\DAL.csproj", "{51AF8B33-808F-431D-BA85-224E30FCDD69}"
EndProject
Project("{FAE04EC0-301F-11D3-BF4B-00C04F79EFBC}") = "BLL", "BLL\BLL.csproj", "{60E67704-E9D9-46C3-B2D8-D620BE2A934C}"
EndProject
Project("{FAE04EC0-301F-11D3-BF4B-00C04F79EFBC}") = "DTO", "DTO\DTO.csproj", "{7AEC25CD-524E-4D90-91A6-A6FCB5198828}"
EndProject
Global
	GlobalSection(SolutionConfigurationPlatforms) = preSolution
		Debug|Any CPU = Debug|Any CPU
		Release|Any CPU = Release|Any CPU
	EndGlobalSection
	GlobalSection(ProjectConfigurationPlatforms) = postSolution
		{9111EAFC-9EB0-4632-87C1-9DDA623237A1}.Debug|Any CPU.ActiveCfg = Debug|Any CPU
		{9111EAFC-9EB0-4632-87C1-9DDA623237A1}.Debug|Any CPU.Build.0 = Debug|Any CPU
		{9111EAFC-9EB0-4632-87C1-9DDA623237A1}.Release|Any CPU.ActiveCfg = Release|Any CPU
		{9111EAFC-9EB0-4632-87C1-9DDA623237A1}.Release|Any CPU.Build.0 = Release|Any CPU
		{51AF8B33-808F-431D-BA85-224E30FCDD69}.Debug|Any CPU.ActiveCfg = Debug|Any CPU
		{51AF8B33-808F-431D-BA85-224E30FCDD69}.Debug|Any CPU.Build.0 = Debug|Any CPU
		{51AF8B33-808F-431D-BA85-224E30FCDD69}.Release|Any CPU.ActiveCfg = Release|Any CPU
		{51AF8B33-808F-431D-BA85-224E30FCDD69}.Release|Any CPU.Build.0 = Release|Any CPU
		{60E67704-E9D9-46C3-B2D8-D620BE2A934C}.Debug|Any CPU.ActiveCfg = Debug|Any CPU
		{60E67704-E9D9-46C3-B2D8-D620BE2A934C}.Debug|Any CPU.Build.0 = Debug|Any CPU
		{60E67704-E9D9-46C3-B2D8-D620BE2A934C}.Release|Any CPU.ActiveCfg = Release|Any CPU
		{60E67704-E9D9-46C3-B2D8-D620BE2A934C}.Release|Any CPU.Build.0 = Release|Any CPU
		{7AEC25CD-524E-4D90-91A6-A6FCB5198828}.Debug|Any CPU.ActiveCfg = Debug|Any CPU
		{7AEC25CD-524E-4D90-91A6-A6FCB5198828}.Debug|Any CPU.Build.0 = Debug|Any CPU
		{7AEC25CD-524E-4D90-91A6-A6FCB5198828}.Release|Any CPU.ActiveCfg = Release|Any CPU
		{7AEC25CD-524E-4D90-91A6-A6FCB5198828}.Release|Any CPU.Build.0 = Release|Any CPU
	EndGlobalSection
	GlobalSection(SolutionProperties) = preSolution
		HideSolutionNode = FALSE
	EndGlobalSection
	GlobalSection(ExtensibilityGlobals) = postSolution
		SolutionGuid = {72B96250-8C60-4A7E-A74B-E95A762873C5}
	EndGlobalSection
EndGlobal
